// !$*UTF8*$!
{
	archiveVersion = 1;
	classes = {
	};
	objectVersion = 46;
	objects = {

/* Begin PBXBuildFile section */
		906D79511CE6DB8B0076D825 /* main.m in Sources */ = {isa = PBXBuildFile; fileRef = 906D79501CE6DB8B0076D825 /* main.m */; };
		906D79541CE6DB8B0076D825 /* AppDelegate.m in Sources */ = {isa = PBXBuildFile; fileRef = 906D79531CE6DB8B0076D825 /* AppDelegate.m */; };
		906D795A1CE6DB8B0076D825 /* Main.storyboard in Resources */ = {isa = PBXBuildFile; fileRef = 906D79581CE6DB8B0076D825 /* Main.storyboard */; };
		906D795D1CE6DB8B0076D825 /* SMParalexScrollVw.xcdatamodeld in Sources */ = {isa = PBXBuildFile; fileRef = 906D795B1CE6DB8B0076D825 /* SMParalexScrollVw.xcdatamodeld */; };
		906D795F1CE6DB8B0076D825 /* Assets.xcassets in Resources */ = {isa = PBXBuildFile; fileRef = 906D795E1CE6DB8B0076D825 /* Assets.xcassets */; };
		906D79621CE6DB8B0076D825 /* LaunchScreen.storyboard in Resources */ = {isa = PBXBuildFile; fileRef = 906D79601CE6DB8B0076D825 /* LaunchScreen.storyboard */; };
		906D796D1CE6DB8B0076D825 /* SMParalexScrollVwTests.m in Sources */ = {isa = PBXBuildFile; fileRef = 906D796C1CE6DB8B0076D825 /* SMParalexScrollVwTests.m */; };
		906D79781CE6DB8B0076D825 /* SMParalexScrollVwUITests.m in Sources */ = {isa = PBXBuildFile; fileRef = 906D79771CE6DB8B0076D825 /* SMParalexScrollVwUITests.m */; };
		906D79881CE6DC950076D825 /* HomeVc.m in Sources */ = {isa = PBXBuildFile; fileRef = 906D79871CE6DC950076D825 /* HomeVc.m */; settings = {ASSET_TAGS = (); }; };
		906D79921CE6DCF10076D825 /* BSSocialButton.m in Sources */ = {isa = PBXBuildFile; fileRef = 906D798C1CE6DCF10076D825 /* BSSocialButton.m */; settings = {ASSET_TAGS = (); }; };
		906D79931CE6DCF10076D825 /* BSSocialCenterButton.m in Sources */ = {isa = PBXBuildFile; fileRef = 906D798E1CE6DCF10076D825 /* BSSocialCenterButton.m */; settings = {ASSET_TAGS = (); }; };
		906D79941CE6DCF10076D825 /* BSSocialItemButton.m in Sources */ = {isa = PBXBuildFile; fileRef = 906D79901CE6DCF10076D825 /* BSSocialItemButton.m */; settings = {ASSET_TAGS = (); }; };
/* End PBXBuildFile section */

/* Begin PBXContainerItemProxy section */
		906D79691CE6DB8B0076D825 /* PBXContainerItemProxy */ = {
			isa = PBXContainerItemProxy;
			containerPortal = 906D79441CE6DB8B0076D825 /* Project object */;
			proxyType = 1;
			remoteGlobalIDString = 906D794B1CE6DB8B0076D825;
			remoteInfo = SMParalexScrollVw;
		};
		906D79741CE6DB8B0076D825 /* PBXContainerItemProxy */ = {
			isa = PBXContainerItemProxy;
			containerPortal = 906D79441CE6DB8B0076D825 /* Project object */;
			proxyType = 1;
			remoteGlobalIDString = 906D794B1CE6DB8B0076D825;
			remoteInfo = SMParalexScrollVw;
		};
/* End PBXContainerItemProxy section */

/* Begin PBXFileReference section */
		906D794C1CE6DB8B0076D825 /* SMParalexScrollVw.app */ = {isa = PBXFileReference; explicitFileType = wrapper.application; includeInIndex = 0; path = SMParalexScrollVw.app; sourceTree = BUILT_PRODUCTS_DIR; };
		906D79501CE6DB8B0076D825 /* main.m */ = {isa = PBXFileReference; lastKnownFileType = sourcecode.c.objc; path = main.m; sourceTree = "<group>"; };
		906D79521CE6DB8B0076D825 /* AppDelegate.h */ = {isa = PBXFileReference; lastKnownFileType = sourcecode.c.h; path = AppDelegate.h; sourceTree = "<group>"; };
		906D79531CE6DB8B0076D825 /* AppDelegate.m */ = {isa = PBXFileReference; lastKnownFileType = sourcecode.c.objc; path = AppDelegate.m; sourceTree = "<group>"; };
		906D79591CE6DB8B0076D825 /* Base */ = {isa = PBXFileReference; lastKnownFileType = file.storyboard; name = Base; path = Base.lproj/Main.storyboard; sourceTree = "<group>"; };
		906D795C1CE6DB8B0076D825 /* SMParalexScrollVw.xcdatamodel */ = {isa = PBXFileReference; lastKnownFileType = wrapper.xcdatamodel; path = SMParalexScrollVw.xcdatamodel; sourceTree = "<group>"; };
		906D795E1CE6DB8B0076D825 /* Assets.xcassets */ = {isa = PBXFileReference; lastKnownFileType = folder.assetcatalog; path = Assets.xcassets; sourceTree = "<group>"; };
		906D79611CE6DB8B0076D825 /* Base */ = {isa = PBXFileReference; lastKnownFileType = file.storyboard; name = Base; path = Base.lproj/LaunchScreen.storyboard; sourceTree = "<group>"; };
		906D79631CE6DB8B0076D825 /* Info.plist */ = {isa = PBXFileReference; lastKnownFileType = text.plist.xml; path = Info.plist; sourceTree = "<group>"; };
		906D79681CE6DB8B0076D825 /* SMParalexScrollVwTests.xctest */ = {isa = PBXFileReference; explicitFileType = wrapper.cfbundle; includeInIndex = 0; path = SMParalexScrollVwTests.xctest; sourceTree = BUILT_PRODUCTS_DIR; };
		906D796C1CE6DB8B0076D825 /* SMParalexScrollVwTests.m */ = {isa = PBXFileReference; lastKnownFileType = sourcecode.c.objc; path = SMParalexScrollVwTests.m; sourceTree = "<group>"; };
		906D796E1CE6DB8B0076D825 /* Info.plist */ = {isa = PBXFileReference; lastKnownFileType = text.plist.xml; path = Info.plist; sourceTree = "<group>"; };
		906D79731CE6DB8B0076D825 /* SMParalexScrollVwUITests.xctest */ = {isa = PBXFileReference; explicitFileType = wrapper.cfbundle; includeInIndex = 0; path = SMParalexScrollVwUITests.xctest; sourceTree = BUILT_PRODUCTS_DIR; };
		906D79771CE6DB8B0076D825 /* SMParalexScrollVwUITests.m */ = {isa = PBXFileReference; lastKnownFileType = sourcecode.c.objc; path = SMParalexScrollVwUITests.m; sourceTree = "<group>"; };
		906D79791CE6DB8B0076D825 /* Info.plist */ = {isa = PBXFileReference; lastKnownFileType = text.plist.xml; path = Info.plist; sourceTree = "<group>"; };
		906D79861CE6DC950076D825 /* HomeVc.h */ = {isa = PBXFileReference; fileEncoding = 4; lastKnownFileType = sourcecode.c.h; path = HomeVc.h; sourceTree = "<group>"; };
		906D79871CE6DC950076D825 /* HomeVc.m */ = {isa = PBXFileReference; fileEncoding = 4; lastKnownFileType = sourcecode.c.objc; path = HomeVc.m; sourceTree = "<group>"; };
		906D798B1CE6DCF10076D825 /* BSSocialButton.h */ = {isa = PBXFileReference; fileEncoding = 4; lastKnownFileType = sourcecode.c.h; path = BSSocialButton.h; sourceTree = "<group>"; };
		906D798C1CE6DCF10076D825 /* BSSocialButton.m */ = {isa = PBXFileReference; fileEncoding = 4; lastKnownFileType = sourcecode.c.objc; path = BSSocialButton.m; sourceTree = "<group>"; };
		906D798D1CE6DCF10076D825 /* BSSocialCenterButton.h */ = {isa = PBXFileReference; fileEncoding = 4; lastKnownFileType = sourcecode.c.h; path = BSSocialCenterButton.h; sourceTree = "<group>"; };
		906D798E1CE6DCF10076D825 /* BSSocialCenterButton.m */ = {isa = PBXFileReference; fileEncoding = 4; lastKnownFileType = sourcecode.c.objc; path = BSSocialCenterButton.m; sourceTree = "<group>"; };
		906D798F1CE6DCF10076D825 /* BSSocialItemButton.h */ = {isa = PBXFileReference; fileEncoding = 4; lastKnownFileType = sourcecode.c.h; path = BSSocialItemButton.h; sourceTree = "<group>"; };
		906D79901CE6DCF10076D825 /* BSSocialItemButton.m */ = {isa = PBXFileReference; fileEncoding = 4; lastKnownFileType = sourcecode.c.objc; path = BSSocialItemButton.m; sourceTree = "<group>"; };
/* End PBXFileReference section */

/* Begin PBXFrameworksBuildPhase section */
		906D79491CE6DB8B0076D825 /* Frameworks */ = {
			isa = PBXFrameworksBuildPhase;
			buildActionMask = 2147483647;
			files = (
			);
			runOnlyForDeploymentPostprocessing = 0;
		};
		906D79651CE6DB8B0076D825 /* Frameworks */ = {
			isa = PBXFrameworksBuildPhase;
			buildActionMask = 2147483647;
			files = (
			);
			runOnlyForDeploymentPostprocessing = 0;
		};
		906D79701CE6DB8B0076D825 /* Frameworks */ = {
			isa = PBXFrameworksBuildPhase;
			buildActionMask = 2147483647;
			files = (
			);
			runOnlyForDeploymentPostprocessing = 0;
		};
/* End PBXFrameworksBuildPhase section */

/* Begin PBXGroup section */
		906D79431CE6DB8B0076D825 = {
			isa = PBXGroup;
			children = (
				906D794E1CE6DB8B0076D825 /* SMParalexScrollVw */,
				906D796B1CE6DB8B0076D825 /* SMParalexScrollVwTests */,
				906D79761CE6DB8B0076D825 /* SMParalexScrollVwUITests */,
				906D794D1CE6DB8B0076D825 /* Products */,
			);
			sourceTree = "<group>";
		};
		906D794D1CE6DB8B0076D825 /* Products */ = {
			isa = PBXGroup;
			children = (
				906D794C1CE6DB8B0076D825 /* SMParalexScrollVw.app */,
				906D79681CE6DB8B0076D825 /* SMParalexScrollVwTests.xctest */,
				906D79731CE6DB8B0076D825 /* SMParalexScrollVwUITests.xctest */,
			);
			name = Products;
			sourceTree = "<group>";
		};
		906D794E1CE6DB8B0076D825 /* SMParalexScrollVw */ = {
			isa = PBXGroup;
			children = (
				906D79521CE6DB8B0076D825 /* AppDelegate.h */,
				906D79531CE6DB8B0076D825 /* AppDelegate.m */,
				906D79891CE6DCF10076D825 /* BSSocialButton */,
				906D79851CE6DC950076D825 /* RLMyGroupDetailsVC */,
				906D79581CE6DB8B0076D825 /* Main.storyboard */,
				906D795E1CE6DB8B0076D825 /* Assets.xcassets */,
				906D79601CE6DB8B0076D825 /* LaunchScreen.storyboard */,
				906D79631CE6DB8B0076D825 /* Info.plist */,
				906D795B1CE6DB8B0076D825 /* SMParalexScrollVw.xcdatamodeld */,
				906D794F1CE6DB8B0076D825 /* Supporting Files */,
			);
			path = SMParalexScrollVw;
			sourceTree = "<group>";
		};
		906D794F1CE6DB8B0076D825 /* Supporting Files */ = {
			isa = PBXGroup;
			children = (
				906D79501CE6DB8B0076D825 /* main.m */,
			);
			name = "Supporting Files";
			sourceTree = "<group>";
		};
		906D796B1CE6DB8B0076D825 /* SMParalexScrollVwTests */ = {
			isa = PBXGroup;
			children = (
				906D796C1CE6DB8B0076D825 /* SMParalexScrollVwTests.m */,
				906D796E1CE6DB8B0076D825 /* Info.plist */,
			);
			path = SMParalexScrollVwTests;
			sourceTree = "<group>";
		};
		906D79761CE6DB8B0076D825 /* SMParalexScrollVwUITests */ = {
			isa = PBXGroup;
			children = (
				906D79771CE6DB8B0076D825 /* SMParalexScrollVwUITests.m */,
				906D79791CE6DB8B0076D825 /* Info.plist */,
			);
			path = SMParalexScrollVwUITests;
			sourceTree = "<group>";
		};
		906D79851CE6DC950076D825 /* RLMyGroupDetailsVC */ = {
			isa = PBXGroup;
			children = (
				906D79861CE6DC950076D825 /* HomeVc.h */,
				906D79871CE6DC950076D825 /* HomeVc.m */,
			);
			path = RLMyGroupDetailsVC;
			sourceTree = "<group>";
		};
		906D79891CE6DCF10076D825 /* BSSocialButton */ = {
			isa = PBXGroup;
			children = (
				906D798A1CE6DCF10076D825 /* Classes */,
				906D79911CE6DCF10076D825 /* Sounds */,
			);
			path = BSSocialButton;
			sourceTree = "<group>";
		};
		906D798A1CE6DCF10076D825 /* Classes */ = {
			isa = PBXGroup;
			children = (
				906D798B1CE6DCF10076D825 /* BSSocialButton.h */,
				906D798C1CE6DCF10076D825 /* BSSocialButton.m */,
				906D798D1CE6DCF10076D825 /* BSSocialCenterButton.h */,
				906D798E1CE6DCF10076D825 /* BSSocialCenterButton.m */,
				906D798F1CE6DCF10076D825 /* BSSocialItemButton.h */,
				906D79901CE6DCF10076D825 /* BSSocialItemButton.m */,
			);
			path = Classes;
			sourceTree = "<group>";
		};
		906D79911CE6DCF10076D825 /* Sounds */ = {
			isa = PBXGroup;
			children = (
			);
			path = Sounds;
			sourceTree = "<group>";
		};
/* End PBXGroup section */

/* Begin PBXNativeTarget section */
		906D794B1CE6DB8B0076D825 /* SMParalexScrollVw */ = {
			isa = PBXNativeTarget;
			buildConfigurationList = 906D797C1CE6DB8B0076D825 /* Build configuration list for PBXNativeTarget "SMParalexScrollVw" */;
			buildPhases = (
				906D79481CE6DB8B0076D825 /* Sources */,
				906D79491CE6DB8B0076D825 /* Frameworks */,
				906D794A1CE6DB8B0076D825 /* Resources */,
			);
			buildRules = (
			);
			dependencies = (
			);
			name = SMParalexScrollVw;
			productName = SMParalexScrollVw;
			productReference = 906D794C1CE6DB8B0076D825 /* SMParalexScrollVw.app */;
			productType = "com.apple.product-type.application";
		};
		906D79671CE6DB8B0076D825 /* SMParalexScrollVwTests */ = {
			isa = PBXNativeTarget;
			buildConfigurationList = 906D797F1CE6DB8B0076D825 /* Build configuration list for PBXNativeTarget "SMParalexScrollVwTests" */;
			buildPhases = (
				906D79641CE6DB8B0076D825 /* Sources */,
				906D79651CE6DB8B0076D825 /* Frameworks */,
				906D79661CE6DB8B0076D825 /* Resources */,
			);
			buildRules = (
			);
			dependencies = (
				906D796A1CE6DB8B0076D825 /* PBXTargetDependency */,
			);
			name = SMParalexScrollVwTests;
			productName = SMParalexScrollVwTests;
			productReference = 906D79681CE6DB8B0076D825 /* SMParalexScrollVwTests.xctest */;
			productType = "com.apple.product-type.bundle.unit-test";
		};
		906D79721CE6DB8B0076D825 /* SMParalexScrollVwUITests */ = {
			isa = PBXNativeTarget;
			buildConfigurationList = 906D79821CE6DB8B0076D825 /* Build configuration list for PBXNativeTarget "SMParalexScrollVwUITests" */;
			buildPhases = (
				906D796F1CE6DB8B0076D825 /* Sources */,
				906D79701CE6DB8B0076D825 /* Frameworks */,
				906D79711CE6DB8B0076D825 /* Resources */,
			);
			buildRules = (
			);
			dependencies = (
				906D79751CE6DB8B0076D825 /* PBXTargetDependency */,
			);
			name = SMParalexScrollVwUITests;
			productName = SMParalexScrollVwUITests;
			productReference = 906D79731CE6DB8B0076D825 /* SMParalexScrollVwUITests.xctest */;
			productType = "com.apple.product-type.bundle.ui-testing";
		};
/* End PBXNativeTarget section */

/* Begin PBXProject section */
		906D79441CE6DB8B0076D825 /* Project object */ = {
			isa = PBXProject;
			attributes = {
				LastUpgradeCheck = 0700;
				ORGANIZATIONNAME = Shankar;
				TargetAttributes = {
					906D794B1CE6DB8B0076D825 = {
						CreatedOnToolsVersion = 7.0;
					};
					906D79671CE6DB8B0076D825 = {
						CreatedOnToolsVersion = 7.0;
						TestTargetID = 906D794B1CE6DB8B0076D825;
					};
					906D79721CE6DB8B0076D825 = {
						CreatedOnToolsVersion = 7.0;
						TestTargetID = 906D794B1CE6DB8B0076D825;
					};
				};
			};
			buildConfigurationList = 906D79471CE6DB8B0076D825 /* Build configuration list for PBXProject "SMParalexScrollVw" */;
			compatibilityVersion = "Xcode 3.2";
			developmentRegion = English;
			hasScannedForEncodings = 0;
			knownRegions = (
				en,
				Base,
			);
			mainGroup = 906D79431CE6DB8B0076D825;
			productRefGroup = 906D794D1CE6DB8B0076D825 /* Products */;
			projectDirPath = "";
			projectRoot = "";
			targets = (
				906D794B1CE6DB8B0076D825 /* SMParalexScrollVw */,
				906D79671CE6DB8B0076D825 /* SMParalexScrollVwTests */,
				906D79721CE6DB8B0076D825 /* SMParalexScrollVwUITests */,
			);
		};
/* End PBXProject section */

/* Begin PBXResourcesBuildPhase section */
		906D794A1CE6DB8B0076D825 /* Resources */ = {
			isa = PBXResourcesBuildPhase;
			buildActionMask = 2147483647;
			files = (
				906D79621CE6DB8B0076D825 /* LaunchScreen.storyboard in Resources */,
				906D795F1CE6DB8B0076D825 /* Assets.xcassets in Resources */,
				906D795A1CE6DB8B0076D825 /* Main.storyboard in Resources */,
			);
			runOnlyForDeploymentPostprocessing = 0;
		};
		906D79661CE6DB8B0076D825 /* Resources */ = {
			isa = PBXResourcesBuildPhase;
			buildActionMask = 2147483647;
			files = (
			);
			runOnlyForDeploymentPostprocessing = 0;
		};
		906D79711CE6DB8B0076D825 /* Resources */ = {
			isa = PBXResourcesBuildPhase;
			buildActionMask = 2147483647;
			files = (
			);
			runOnlyForDeploymentPostprocessing = 0;
		};
/* End PBXResourcesBuildPhase section */

/* Begin PBXSourcesBuildPhase section */
		906D79481CE6DB8B0076D825 /* Sources */ = {
			isa = PBXSourcesBuildPhase;
			buildActionMask = 2147483647;
			files = (
				906D79541CE6DB8B0076D825 /* AppDelegate.m in Sources */,
				906D79941CE6DCF10076D825 /* BSSocialItemButton.m in Sources */,
				906D79511CE6DB8B0076D825 /* main.m in Sources */,
				906D79881CE6DC950076D825 /* HomeVc.m in Sources */,
				906D795D1CE6DB8B0076D825 /* SMParalexScrollVw.xcdatamodeld in Sources */,
				906D79931CE6DCF10076D825 /* BSSocialCenterButton.m in Sources */,
				906D79921CE6DCF10076D825 /* BSSocialButton.m in Sources */,
			);
			runOnlyForDeploymentPostprocessing = 0;
		};
		906D79641CE6DB8B0076D825 /* Sources */ = {
			isa = PBXSourcesBuildPhase;
			buildActionMask = 2147483647;
			files = (
				906D796D1CE6DB8B0076D825 /* SMParalexScrollVwTests.m in Sources */,
			);
			runOnlyForDeploymentPostprocessing = 0;
		};
		906D796F1CE6DB8B0076D825 /* Sources */ = {
			isa = PBXSourcesBuildPhase;
			buildActionMask = 2147483647;
			files = (
				906D79781CE6DB8B0076D825 /* SMParalexScrollVwUITests.m in Sources */,
			);
			runOnlyForDeploymentPostprocessing = 0;
		};
/* End PBXSourcesBuildPhase section */

/* Begin PBXTargetDependency section */
		906D796A1CE6DB8B0076D825 /* PBXTargetDependency */ = {
			isa = PBXTargetDependency;
			target = 906D794B1CE6DB8B0076D825 /* SMParalexScrollVw */;
			targetProxy = 906D79691CE6DB8B0076D825 /* PBXContainerItemProxy */;
		};
		906D79751CE6DB8B0076D825 /* PBXTargetDependency */ = {
			isa = PBXTargetDependency;
			target = 906D794B1CE6DB8B0076D825 /* SMParalexScrollVw */;
			targetProxy = 906D79741CE6DB8B0076D825 /* PBXContainerItemProxy */;
		};
/* End PBXTargetDependency section */

/* Begin PBXVariantGroup section */
		906D79581CE6DB8B0076D825 /* Main.storyboard */ = {
			isa = PBXVariantGroup;
			children = (
				906D79591CE6DB8B0076D825 /* Base */,
			);
			name = Main.storyboard;
			sourceTree = "<group>";
		};
		906D79601CE6DB8B0076D825 /* LaunchScreen.storyboard */ = {
			isa = PBXVariantGroup;
			children = (
				906D79611CE6DB8B0076D825 /* Base */,
			);
			name = LaunchScreen.storyboard;
			sourceTree = "<group>";
		};
/* End PBXVariantGroup section */

/* Begin XCBuildConfiguration section */
		906D797A1CE6DB8B0076D825 /* Debug */ = {
			isa = XCBuildConfiguration;
			buildSettings = {
				ALWAYS_SEARCH_USER_PATHS = NO;
				CLANG_CXX_LANGUAGE_STANDARD = "gnu++0x";
				CLANG_CXX_LIBRARY = "libc++";
				CLANG_ENABLE_MODULES = YES;
				CLANG_ENABLE_OBJC_ARC = YES;
				CLANG_WARN_BOOL_CONVERSION = YES;
				CLANG_WARN_CONSTANT_CONVERSION = YES;
				CLANG_WARN_DIRECT_OBJC_ISA_USAGE = YES_ERROR;
				CLANG_WARN_EMPTY_BODY = YES;
				CLANG_WARN_ENUM_CONVERSION = YES;
				CLANG_WARN_INT_CONVERSION = YES;
				CLANG_WARN_OBJC_ROOT_CLASS = YES_ERROR;
				CLANG_WARN_UNREACHABLE_CODE = YES;
				CLANG_WARN__DUPLICATE_METHOD_MATCH = YES;
				"CODE_SIGN_IDENTITY[sdk=iphoneos*]" = "iPhone Developer";
				COPY_PHASE_STRIP = NO;
				DEBUG_INFORMATION_FORMAT = dwarf;
				ENABLE_STRICT_OBJC_MSGSEND = YES;
				ENABLE_TESTABILITY = YES;
				GCC_C_LANGUAGE_STANDARD = gnu99;
				GCC_DYNAMIC_NO_PIC = NO;
				GCC_NO_COMMON_BLOCKS = YES;
				GCC_OPTIMIZATION_LEVEL = 0;
				GCC_PREPROCESSOR_DEFINITIONS = (
					"DEBUG=1",
					"$(inherited)",
				);
				GCC_WARN_64_TO_32_BIT_CONVERSION = YES;
				GCC_WARN_ABOUT_RETURN_TYPE = YES_ERROR;
				GCC_WARN_UNDECLARED_SELECTOR = YES;
				GCC_WARN_UNINITIALIZED_AUTOS = YES_AGGRESSIVE;
				GCC_WARN_UNUSED_FUNCTION = YES;
				GCC_WARN_UNUSED_VARIABLE = YES;
				IPHONEOS_DEPLOYMENT_TARGET = 9.0;
				MTL_ENABLE_DEBUG_INFO = YES;
				ONLY_ACTIVE_ARCH = YES;
				SDKROOT = iphoneos;
			};
			name = Debug;
		};
		906D797B1CE6DB8B0076D825 /* Release */ = {
			isa = XCBuildConfiguration;
			buildSettings = {
				ALWAYS_SEARCH_USER_PATHS = NO;
				CLANG_CXX_LANGUAGE_STANDARD = "gnu++0x";
				CLANG_CXX_LIBRARY = "libc++";
				CLANG_ENABLE_MODULES = YES;
				CLANG_ENABLE_OBJC_ARC = YES;
				CLANG_WARN_BOOL_CONVERSION = YES;
				CLANG_WARN_CONSTANT_CONVERSION = YES;
				CLANG_WARN_DIRECT_OBJC_ISA_USAGE = YES_ERROR;
				CLANG_WARN_EMPTY_BODY = YES;
				CLANG_WARN_ENUM_CONVERSION = YES;
				CLANG_WARN_INT_CONVERSION = YES;
				CLANG_WARN_OBJC_ROOT_CLASS = YES_ERROR;
				CLANG_WARN_UNREACHABLE_CODE = YES;
				CLANG_WARN__DUPLICATE_METHOD_MATCH = YES;
				"CODE_SIGN_IDENTITY[sdk=iphoneos*]" = "iPhone Developer";
				COPY_PHASE_STRIP = NO;
				DEBUG_INFORMATION_FORMAT = "dwarf-with-dsym";
				ENABLE_NS_ASSERTIONS = NO;
				ENABLE_STRICT_OBJC_MSGSEND = YES;
				GCC_C_LANGUAGE_STANDARD = gnu99;
				GCC_NO_COMMON_BLOCKS = YES;
				GCC_WARN_64_TO_32_BIT_CONVERSION = YES;
				GCC_WARN_ABOUT_RETURN_TYPE = YES_ERROR;
				GCC_WARN_UNDECLARED_SELECTOR = YES;
				GCC_WARN_UNINITIALIZED_AUTOS = YES_AGGRESSIVE;
				GCC_WARN_UNUSED_FUNCTION = YES;
				GCC_WARN_UNUSED_VARIABLE = YES;
				IPHONEOS_DEPLOYMENT_TARGET = 9.0;
				MTL_ENABLE_DEBUG_INFO = NO;
				SDKROOT = iphoneos;
				VALIDATE_PRODUCT = YES;
			};
			name = Release;
		};
		906D797D1CE6DB8B0076D825 /* Debug */ = {
			isa = XCBuildConfiguration;
			buildSettings = {
				ASSETCATALOG_COMPILER_APPICON_NAME = AppIcon;
				INFOPLIST_FILE = SMParalexScrollVw/Info.plist;
				LD_RUNPATH_SEARCH_PATHS = "$(inherited) @executable_path/Frameworks";
				PRODUCT_BUNDLE_IDENTIFIER = "Shankar-ios.SMParalexScrollVw";
				PRODUCT_NAME = "$(TARGET_NAME)";
			};
			name = Debug;
		};
		906D797E1CE6DB8B0076D825 /* Release */ = {
			isa = XCBuildConfiguration;
			buildSettings = {
				ASSETCATALOG_COMPILER_APPICON_NAME = AppIcon;
				INFOPLIST_FILE = SMParalexScrollVw/Info.plist;
				LD_RUNPATH_SEARCH_PATHS = "$(inherited) @executable_path/Frameworks";
				PRODUCT_BUNDLE_IDENTIFIER = "Shankar-ios.SMParalexScrollVw";
				PRODUCT_NAME = "$(TARGET_NAME)";
			};
			name = Release;
		};
		906D79801CE6DB8B0076D825 /* Debug */ = {
			isa = XCBuildConfiguration;
			buildSettings = {
				BUNDLE_LOADER = "$(TEST_HOST)";
				INFOPLIST_FILE = SMParalexScrollVwTests/Info.plist;
				LD_RUNPATH_SEARCH_PATHS = "$(inherited) @executable_path/Frameworks @loader_path/Frameworks";
				PRODUCT_BUNDLE_IDENTIFIER = "Shankar-ios.SMParalexScrollVwTests";
				PRODUCT_NAME = "$(TARGET_NAME)";
				TEST_HOST = "$(BUILT_PRODUCTS_DIR)/SMParalexScrollVw.app/SMParalexScrollVw";
			};
			name = Debug;
		};
		906D79811CE6DB8B0076D825 /* Release */ = {
			isa = XCBuildConfiguration;
			buildSettings = {
				BUNDLE_LOADER = "$(TEST_HOST)";
				INFOPLIST_FILE = SMParalexScrollVwTests/Info.plist;
				LD_RUNPATH_SEARCH_PATHS = "$(inherited) @executable_path/Frameworks @loader_path/Frameworks";
				PRODUCT_BUNDLE_IDENTIFIER = "Shankar-ios.SMParalexScrollVwTests";
				PRODUCT_NAME = "$(TARGET_NAME)";
				TEST_HOST = "$(BUILT_PRODUCTS_DIR)/SMParalexScrollVw.app/SMParalexScrollVw";
			};
			name = Release;
		};
		906D79831CE6DB8B0076D825 /* Debug */ = {
			isa = XCBuildConfiguration;
			buildSettings = {
				INFOPLIST_FILE = SMParalexScrollVwUITests/Info.plist;
				LD_RUNPATH_SEARCH_PATHS = "$(inherited) @executable_path/Frameworks @loader_path/Frameworks";
				PRODUCT_BUNDLE_IDENTIFIER = "Shankar-ios.SMParalexScrollVwUITests";
				PRODUCT_NAME = "$(TARGET_NAME)";
				TEST_TARGET_NAME = SMParalexScrollVw;
				USES_XCTRUNNER = YES;
			};
			name = Debug;
		};
		906D79841CE6DB8B0076D825 /* Release */ = {
			isa = XCBuildConfiguration;
			buildSettings = {
				INFOPLIST_FILE = SMParalexScrollVwUITests/Info.plist;
				LD_RUNPATH_SEARCH_PATHS = "$(inherited) @executable_path/Frameworks @loader_path/Frameworks";
				PRODUCT_BUNDLE_IDENTIFIER = "Shankar-ios.SMParalexScrollVwUITests";
				PRODUCT_NAME = "$(TARGET_NAME)";
				TEST_TARGET_NAME = SMParalexScrollVw;
				USES_XCTRUNNER = YES;
			};
			name = Release;
		};
/* End XCBuildConfiguration section */

/* Begin XCConfigurationList section */
		906D79471CE6DB8B0076D825 /* Build configuration list for PBXProject "SMParalexScrollVw" */ = {
			isa = XCConfigurationList;
			buildConfigurations = (
				906D797A1CE6DB8B0076D825 /* Debug */,
				906D797B1CE6DB8B0076D825 /* Release */,
			);
			defaultConfigurationIsVisible = 0;
			defaultConfigurationName = Release;
		};
		906D797C1CE6DB8B0076D825 /* Build configuration list for PBXNativeTarget "SMParalexScrollVw" */ = {
			isa = XCConfigurationList;
			buildConfigurations = (
				906D797D1CE6DB8B0076D825 /* Debug */,
				906D797E1CE6DB8B0076D825 /* Release */,
			);
			defaultConfigurationIsVisible = 0;
			defaultConfigurationName = Release;
		};
		906D797F1CE6DB8B0076D825 /* Build configuration list for PBXNativeTarget "SMParalexScrollVwTests" */ = {
			isa = XCConfigurationList;
			buildConfigurations = (
				906D79801CE6DB8B0076D825 /* Debug */,
				906D79811CE6DB8B0076D825 /* Release */,
			);
			defaultConfigurationIsVisible = 0;
			defaultConfigurationName = Release;
		};
		906D79821CE6DB8B0076D825 /* Build configuration list for PBXNativeTarget "SMParalexScrollVwUITests" */ = {
			isa = XCConfigurationList;
			buildConfigurations = (
				906D79831CE6DB8B0076D825 /* Debug */,
				906D79841CE6DB8B0076D825 /* Release */,
			);
			defaultConfigurationIsVisible = 0;
			defaultConfigurationName = Release;
		};
/* End XCConfigurationList section */

/* Begin XCVersionGroup section */
		906D795B1CE6DB8B0076D825 /* SMParalexScrollVw.xcdatamodeld */ = {
			isa = XCVersionGroup;
			children = (
				906D795C1CE6DB8B0076D825 /* SMParalexScrollVw.xcdatamodel */,
			);
			currentVersion = 906D795C1CE6DB8B0076D825 /* SMParalexScrollVw.xcdatamodel */;
			path = SMParalexScrollVw.xcdatamodeld;
			sourceTree = "<group>";
			versionGroupType = wrapper.xcdatamodel;
		};
/* End XCVersionGroup section */
	};
	rootObject = 906D79441CE6DB8B0076D825 /* Project object */;
}
